
Microsoft Visual Studio Solution File, Format Version 12.00
# Visual Studio Version 17
VisualStudioVersion = 17.11.35219.272
MinimumVisualStudioVersion = 10.0.40219.1
Project("{FAE04EC0-301F-11D3-BF4B-00C04F79EFBC}") = "Decorator", "Decorator\Decorator.csproj", "{1D4B0A4D-CCC7-4E42-B9B3-08FCEFDBA9A7}"
EndProject
Global
	GlobalSection(SolutionConfigurationPlatforms) = preSolution
		Debug|Any CPU = Debug|Any CPU
		Release|Any CPU = Release|Any CPU
	EndGlobalSection
	GlobalSection(ProjectConfigurationPlatforms) = postSolution
		{1D4B0A4D-CCC7-4E42-B9B3-08FCEFDBA9A7}.Debug|Any CPU.ActiveCfg = Debug|Any CPU
		{1D4B0A4D-CCC7-4E42-B9B3-08FCEFDBA9A7}.Debug|Any CPU.Build.0 = Debug|Any CPU
		{1D4B0A4D-CCC7-4E42-B9B3-08FCEFDBA9A7}.Release|Any CPU.ActiveCfg = Release|Any CPU
		{1D4B0A4D-CCC7-4E42-B9B3-08FCEFDBA9A7}.Release|Any CPU.Build.0 = Release|Any CPU
	EndGlobalSection
	GlobalSection(SolutionProperties) = preSolution
		HideSolutionNode = FALSE
	EndGlobalSection
	GlobalSection(ExtensibilityGlobals) = postSolution
		SolutionGuid = {6322AA09-C44E-48AF-AE9A-A6EC9D0AACD9}
	EndGlobalSection
EndGlobal
